
Microsoft Visual Studio Solution File, Format Version 12.00
# Visual Studio Version 17
VisualStudioVersion = 17.0.32112.339
MinimumVisualStudioVersion = 10.0.40219.1
Project("{FAE04EC0-301F-11D3-BF4B-00C04F79EFBC}") = "RLLib", "RLLib\RLLib.csproj", "{10FF6E2E-6FE6-4F90-B47C-937040819761}"
EndProject
Project("{FAE04EC0-301F-11D3-BF4B-00C04F79EFBC}") = "Sample", "Sample\Sample.csproj", "{0E472FC5-1DDF-4F49-B363-126E779BD9CE}"
EndProject
Global
	GlobalSection(SolutionConfigurationPlatforms) = preSolution
		Debug|Any CPU = Debug|Any CPU
		Release|Any CPU = Release|Any CPU
	EndGlobalSection
	GlobalSection(ProjectConfigurationPlatforms) = postSolution
		{10FF6E2E-6FE6-4F90-B47C-937040819761}.Debug|Any CPU.ActiveCfg = Debug|Any CPU
		{10FF6E2E-6FE6-4F90-B47C-937040819761}.Debug|Any CPU.Build.0 = Debug|Any CPU
		{10FF6E2E-6FE6-4F90-B47C-937040819761}.Release|Any CPU.ActiveCfg = Release|Any CPU
		{10FF6E2E-6FE6-4F90-B47C-937040819761}.Release|Any CPU.Build.0 = Release|Any CPU
		{0E472FC5-1DDF-4F49-B363-126E779BD9CE}.Debug|Any CPU.ActiveCfg = Debug|Any CPU
		{0E472FC5-1DDF-4F49-B363-126E779BD9CE}.Debug|Any CPU.Build.0 = Debug|Any CPU
		{0E472FC5-1DDF-4F49-B363-126E779BD9CE}.Release|Any CPU.ActiveCfg = Release|Any CPU
		{0E472FC5-1DDF-4F49-B363-126E779BD9CE}.Release|Any CPU.Build.0 = Release|Any CPU
	EndGlobalSection
	GlobalSection(SolutionProperties) = preSolution
		HideSolutionNode = FALSE
	EndGlobalSection
	GlobalSection(ExtensibilityGlobals) = postSolution
		SolutionGuid = {7CA90C87-C7F8-47ED-B591-0F394D8AD795}
	EndGlobalSection
EndGlobal
